
Microsoft Visual Studio Solution File, Format Version 12.00
# Visual Studio Version 17
VisualStudioVersion = 17.11.35222.181
MinimumVisualStudioVersion = 10.0.40219.1
Project("{9A19103F-16F7-4668-BE54-9A1E7A4F7556}") = "Storage.View", "Storage.View\Storage.View.csproj", "{0C7ADB17-AF70-4ED4-A635-6D5592452E34}"
EndProject
Project("{9A19103F-16F7-4668-BE54-9A1E7A4F7556}") = "Storage.Bl", "Storage.Bl\Storage.Bl.csproj", "{98416E20-1BB1-44AE-83A0-48E6216F431F}"
EndProject
Project("{9A19103F-16F7-4668-BE54-9A1E7A4F7556}") = "Storage.Data", "Storage.Data\Storage.Data.csproj", "{81CFD499-E607-4B2A-8AA5-0F66C362D8C8}"
EndProject
Project("{FAE04EC0-301F-11D3-BF4B-00C04F79EFBC}") = "Storage.Test", "Storage.Test\Storage.Test.csproj", "{B4A2FEB4-5D7B-4E43-A8BF-57CE7542765C}"
EndProject
Global
	GlobalSection(SolutionConfigurationPlatforms) = preSolution
		Debug|Any CPU = Debug|Any CPU
		Release|Any CPU = Release|Any CPU
	EndGlobalSection
	GlobalSection(ProjectConfigurationPlatforms) = postSolution
		{0C7ADB17-AF70-4ED4-A635-6D5592452E34}.Debug|Any CPU.ActiveCfg = Debug|Any CPU
		{0C7ADB17-AF70-4ED4-A635-6D5592452E34}.Debug|Any CPU.Build.0 = Debug|Any CPU
		{0C7ADB17-AF70-4ED4-A635-6D5592452E34}.Release|Any CPU.ActiveCfg = Release|Any CPU
		{0C7ADB17-AF70-4ED4-A635-6D5592452E34}.Release|Any CPU.Build.0 = Release|Any CPU
		{98416E20-1BB1-44AE-83A0-48E6216F431F}.Debug|Any CPU.ActiveCfg = Debug|Any CPU
		{98416E20-1BB1-44AE-83A0-48E6216F431F}.Debug|Any CPU.Build.0 = Debug|Any CPU
		{98416E20-1BB1-44AE-83A0-48E6216F431F}.Release|Any CPU.ActiveCfg = Release|Any CPU
		{98416E20-1BB1-44AE-83A0-48E6216F431F}.Release|Any CPU.Build.0 = Release|Any CPU
		{81CFD499-E607-4B2A-8AA5-0F66C362D8C8}.Debug|Any CPU.ActiveCfg = Debug|Any CPU
		{81CFD499-E607-4B2A-8AA5-0F66C362D8C8}.Debug|Any CPU.Build.0 = Debug|Any CPU
		{81CFD499-E607-4B2A-8AA5-0F66C362D8C8}.Release|Any CPU.ActiveCfg = Release|Any CPU
		{81CFD499-E607-4B2A-8AA5-0F66C362D8C8}.Release|Any CPU.Build.0 = Release|Any CPU
		{B4A2FEB4-5D7B-4E43-A8BF-57CE7542765C}.Debug|Any CPU.ActiveCfg = Debug|Any CPU
		{B4A2FEB4-5D7B-4E43-A8BF-57CE7542765C}.Debug|Any CPU.Build.0 = Debug|Any CPU
		{B4A2FEB4-5D7B-4E43-A8BF-57CE7542765C}.Release|Any CPU.ActiveCfg = Release|Any CPU
		{B4A2FEB4-5D7B-4E43-A8BF-57CE7542765C}.Release|Any CPU.Build.0 = Release|Any CPU
	EndGlobalSection
	GlobalSection(SolutionProperties) = preSolution
		HideSolutionNode = FALSE
	EndGlobalSection
	GlobalSection(ExtensibilityGlobals) = postSolution
		SolutionGuid = {410A59F5-8678-49C4-A508-89BE27E7DE97}
	EndGlobalSection
EndGlobal
